github.com/joho/godotenv v1.3.0 h1:Zjp+RcGpHhGlrMbJzXTrZZPrWj+1vfm90La1wgB6Bhc=
github.com/joho/godotenv v1.3.0/go.mod h1:7hK45KPybAkOC6peb+G5yklZfMxEjkZhHbwpqxOKXbg=
launchpad.net/goamz v0.0.0-20140813150539-000000000049 h1:go/AhTqQRkWARcjwZhT3WZnm+HddfXU+XaFC4t+FdJ0=
launchpad.net/goamz v0.0.0-20140813150539-000000000049/go.mod h1:GUPRylfFC1Ip65vLpqC2Xo+n5KlWyzL+2wX+jQ5CUHU=
